// !$*UTF8*$!
{
	archiveVersion = 1;
	classes = {
	};
	objectVersion = 46;
	objects = {

/* Begin PBXBuildFile section */
		961FF1131BA5AE9A009CE21B /* main.cpp in Sources */ = {isa = PBXBuildFile; fileRef = 961FF1121BA5AE9A009CE21B /* main.cpp */; };
		961FF13A1BA5B27A009CE21B /* Queue.cpp in Sources */ = {isa = PBXBuildFile; fileRef = 961FF1341BA5B27A009CE21B /* Queue.cpp */; };
/* End PBXBuildFile section */

/* Begin PBXCopyFilesBuildPhase section */
		961FF10D1BA5AE9A009CE21B /* CopyFiles */ = {
			isa = PBXCopyFilesBuildPhase;
			buildActionMask = 2147483647;
			dstPath = /usr/share/man/man1/;
			dstSubfolderSpec = 0;
			files = (
			);
			runOnlyForDeploymentPostprocessing = 1;
		};
/* End PBXCopyFilesBuildPhase section */

/* Begin PBXFileReference section */
		961FF10F1BA5AE9A009CE21B /* Async */ = {isa = PBXFileReference; explicitFileType = "compiled.mach-o.executable"; includeInIndex = 0; path = Async; sourceTree = BUILT_PRODUCTS_DIR; };
		961FF1121BA5AE9A009CE21B /* main.cpp */ = {isa = PBXFileReference; lastKnownFileType = sourcecode.cpp.cpp; path = main.cpp; sourceTree = "<group>"; };
		961FF1331BA5B27A009CE21B /* Base.h */ = {isa = PBXFileReference; fileEncoding = 4; lastKnownFileType = sourcecode.c.h; path = Base.h; sourceTree = "<group>"; };
		961FF1341BA5B27A009CE21B /* Queue.cpp */ = {isa = PBXFileReference; fileEncoding = 4; lastKnownFileType = sourcecode.cpp.cpp; path = Queue.cpp; sourceTree = "<group>"; };
		961FF1351BA5B27A009CE21B /* Queue.h */ = {isa = PBXFileReference; fileEncoding = 4; lastKnownFileType = sourcecode.c.h; path = Queue.h; sourceTree = "<group>"; };
		961FF1361BA5B27A009CE21B /* Task.h */ = {isa = PBXFileReference; fileEncoding = 4; lastKnownFileType = sourcecode.c.h; path = Task.h; sourceTree = "<group>"; };
		961FF1381BA5B27A009CE21B /* Base.h */ = {isa = PBXFileReference; fileEncoding = 4; lastKnownFileType = sourcecode.c.h; path = Base.h; sourceTree = "<group>"; };
		961FF1391BA5B27A009CE21B /* StateMachineT.h */ = {isa = PBXFileReference; fileEncoding = 4; lastKnownFileType = sourcecode.c.h; path = StateMachineT.h; sourceTree = "<group>"; };
/* End PBXFileReference section */

/* Begin PBXFrameworksBuildPhase section */
		961FF10C1BA5AE9A009CE21B /* Frameworks */ = {
			isa = PBXFrameworksBuildPhase;
			buildActionMask = 2147483647;
			files = (
			);
			runOnlyForDeploymentPostprocessing = 0;
		};
/* End PBXFrameworksBuildPhase section */

/* Begin PBXGroup section */
		961FF1061BA5AE9A009CE21B = {
			isa = PBXGroup;
			children = (
				961FF1111BA5AE9A009CE21B /* Async */,
				961FF1101BA5AE9A009CE21B /* Products */,
			);
			sourceTree = "<group>";
		};
		961FF1101BA5AE9A009CE21B /* Products */ = {
			isa = PBXGroup;
			children = (
				961FF10F1BA5AE9A009CE21B /* Async */,
			);
			name = Products;
			sourceTree = "<group>";
		};
		961FF1111BA5AE9A009CE21B /* Async */ = {
			isa = PBXGroup;
			children = (
				961FF1321BA5B27A009CE21B /* Async */,
				961FF1371BA5B27A009CE21B /* Util */,
				961FF1121BA5AE9A009CE21B /* main.cpp */,
			);
			path = Async;
			sourceTree = "<group>";
		};
		961FF1321BA5B27A009CE21B /* Async */ = {
			isa = PBXGroup;
			children = (
				961FF1331BA5B27A009CE21B /* Base.h */,
				961FF1341BA5B27A009CE21B /* Queue.cpp */,
				961FF1351BA5B27A009CE21B /* Queue.h */,
				961FF1361BA5B27A009CE21B /* Task.h */,
			);
			path = Async;
			sourceTree = "<group>";
		};
		961FF1371BA5B27A009CE21B /* Util */ = {
			isa = PBXGroup;
			children = (
				961FF1381BA5B27A009CE21B /* Base.h */,
				961FF1391BA5B27A009CE21B /* StateMachineT.h */,
			);
			path = Util;
			sourceTree = "<group>";
		};
/* End PBXGroup section */

/* Begin PBXNativeTarget section */
		961FF10E1BA5AE9A009CE21B /* Async */ = {
			isa = PBXNativeTarget;
			buildConfigurationList = 961FF1161BA5AE9A009CE21B /* Build configuration list for PBXNativeTarget "Async" */;
			buildPhases = (
				961FF10B1BA5AE9A009CE21B /* Sources */,
				961FF10C1BA5AE9A009CE21B /* Frameworks */,
				961FF10D1BA5AE9A009CE21B /* CopyFiles */,
			);
			buildRules = (
			);
			dependencies = (
			);
			name = Async;
			productName = Async;
			productReference = 961FF10F1BA5AE9A009CE21B /* Async */;
			productType = "com.apple.product-type.tool";
		};
/* End PBXNativeTarget section */

/* Begin PBXProject section */
		961FF1071BA5AE9A009CE21B /* Project object */ = {
			isa = PBXProject;
			attributes = {
				LastUpgradeCheck = 0640;
				ORGANIZATIONNAME = "Fits & Starts";
				TargetAttributes = {
					961FF10E1BA5AE9A009CE21B = {
						CreatedOnToolsVersion = 6.4;
					};
				};
			};
			buildConfigurationList = 961FF10A1BA5AE9A009CE21B /* Build configuration list for PBXProject "Async" */;
			compatibilityVersion = "Xcode 3.2";
			developmentRegion = English;
			hasScannedForEncodings = 0;
			knownRegions = (
				en,
			);
			mainGroup = 961FF1061BA5AE9A009CE21B;
			productRefGroup = 961FF1101BA5AE9A009CE21B /* Products */;
			projectDirPath = "";
			projectRoot = "";
			targets = (
				961FF10E1BA5AE9A009CE21B /* Async */,
			);
		};
/* End PBXProject section */

/* Begin PBXSourcesBuildPhase section */
		961FF10B1BA5AE9A009CE21B /* Sources */ = {
			isa = PBXSourcesBuildPhase;
			buildActionMask = 2147483647;
			files = (
				961FF1131BA5AE9A009CE21B /* main.cpp in Sources */,
				961FF13A1BA5B27A009CE21B /* Queue.cpp in Sources */,
			);
			runOnlyForDeploymentPostprocessing = 0;
		};
/* End PBXSourcesBuildPhase section */

/* Begin XCBuildConfiguration section */
		961FF1141BA5AE9A009CE21B /* Debug */ = {
			isa = XCBuildConfiguration;
			buildSettings = {
				ALWAYS_SEARCH_USER_PATHS = NO;
				CLANG_CXX_LANGUAGE_STANDARD = "gnu++0x";
				CLANG_CXX_LIBRARY = "libc++";
				CLANG_ENABLE_MODULES = YES;
				CLANG_ENABLE_OBJC_ARC = YES;
				CLANG_WARN_BOOL_CONVERSION = YES;
				CLANG_WARN_CONSTANT_CONVERSION = YES;
				CLANG_WARN_DIRECT_OBJC_ISA_USAGE = YES_ERROR;
				CLANG_WARN_EMPTY_BODY = YES;
				CLANG_WARN_ENUM_CONVERSION = YES;
				CLANG_WARN_INT_CONVERSION = YES;
				CLANG_WARN_OBJC_ROOT_CLASS = YES_ERROR;
				CLANG_WARN_UNREACHABLE_CODE = YES;
				CLANG_WARN__DUPLICATE_METHOD_MATCH = YES;
				COPY_PHASE_STRIP = NO;
				DEBUG_INFORMATION_FORMAT = dwarf;
				ENABLE_STRICT_OBJC_MSGSEND = YES;
				GCC_C_LANGUAGE_STANDARD = gnu99;
				GCC_DYNAMIC_NO_PIC = NO;
				GCC_NO_COMMON_BLOCKS = YES;
				GCC_OPTIMIZATION_LEVEL = 0;
				GCC_PREPROCESSOR_DEFINITIONS = (
					"DEBUG=1",
					"$(inherited)",
				);
				GCC_SYMBOLS_PRIVATE_EXTERN = NO;
				GCC_WARN_64_TO_32_BIT_CONVERSION = YES;
				GCC_WARN_ABOUT_RETURN_TYPE = YES_ERROR;
				GCC_WARN_UNDECLARED_SELECTOR = YES;
				GCC_WARN_UNINITIALIZED_AUTOS = YES_AGGRESSIVE;
				GCC_WARN_UNUSED_FUNCTION = YES;
				GCC_WARN_UNUSED_VARIABLE = YES;
				MACOSX_DEPLOYMENT_TARGET = 10.10;
				MTL_ENABLE_DEBUG_INFO = YES;
				ONLY_ACTIVE_ARCH = YES;
				SDKROOT = macosx;
			};
			name = Debug;
		};
		961FF1151BA5AE9A009CE21B /* Release */ = {
			isa = XCBuildConfiguration;
			buildSettings = {
				ALWAYS_SEARCH_USER_PATHS = NO;
				CLANG_CXX_LANGUAGE_STANDARD = "gnu++0x";
				CLANG_CXX_LIBRARY = "libc++";
				CLANG_ENABLE_MODULES = YES;
				CLANG_ENABLE_OBJC_ARC = YES;
				CLANG_WARN_BOOL_CONVERSION = YES;
				CLANG_WARN_CONSTANT_CONVERSION = YES;
				CLANG_WARN_DIRECT_OBJC_ISA_USAGE = YES_ERROR;
				CLANG_WARN_EMPTY_BODY = YES;
				CLANG_WARN_ENUM_CONVERSION = YES;
				CLANG_WARN_INT_CONVERSION = YES;
				CLANG_WARN_OBJC_ROOT_CLASS = YES_ERROR;
				CLANG_WARN_UNREACHABLE_CODE = YES;
				CLANG_WARN__DUPLICATE_METHOD_MATCH = YES;
				COPY_PHASE_STRIP = NO;
				DEBUG_INFORMATION_FORMAT = "dwarf-with-dsym";
				ENABLE_NS_ASSERTIONS = NO;
				ENABLE_STRICT_OBJC_MSGSEND = YES;
				GCC_C_LANGUAGE_STANDARD = gnu99;
				GCC_NO_COMMON_BLOCKS = YES;
				GCC_WARN_64_TO_32_BIT_CONVERSION = YES;
				GCC_WARN_ABOUT_RETURN_TYPE = YES_ERROR;
				GCC_WARN_UNDECLARED_SELECTOR = YES;
				GCC_WARN_UNINITIALIZED_AUTOS = YES_AGGRESSIVE;
				GCC_WARN_UNUSED_FUNCTION = YES;
				GCC_WARN_UNUSED_VARIABLE = YES;
				MACOSX_DEPLOYMENT_TARGET = 10.10;
				MTL_ENABLE_DEBUG_INFO = NO;
				SDKROOT = macosx;
			};
			name = Release;
		};
		961FF1171BA5AE9A009CE21B /* Debug */ = {
			isa = XCBuildConfiguration;
			buildSettings = {
				PRODUCT_NAME = "$(TARGET_NAME)";
				USER_HEADER_SEARCH_PATHS = "$(SRCROOT)/Async";
			};
			name = Debug;
		};
		961FF1181BA5AE9A009CE21B /* Release */ = {
			isa = XCBuildConfiguration;
			buildSettings = {
				PRODUCT_NAME = "$(TARGET_NAME)";
				USER_HEADER_SEARCH_PATHS = "$(SRCROOT)/Async";
			};
			name = Release;
		};
/* End XCBuildConfiguration section */

/* Begin XCConfigurationList section */
		961FF10A1BA5AE9A009CE21B /* Build configuration list for PBXProject "Async" */ = {
			isa = XCConfigurationList;
			buildConfigurations = (
				961FF1141BA5AE9A009CE21B /* Debug */,
				961FF1151BA5AE9A009CE21B /* Release */,
			);
			defaultConfigurationIsVisible = 0;
			defaultConfigurationName = Release;
		};
		961FF1161BA5AE9A009CE21B /* Build configuration list for PBXNativeTarget "Async" */ = {
			isa = XCConfigurationList;
			buildConfigurations = (
				961FF1171BA5AE9A009CE21B /* Debug */,
				961FF1181BA5AE9A009CE21B /* Release */,
			);
			defaultConfigurationIsVisible = 0;
		};
/* End XCConfigurationList section */
	};
	rootObject = 961FF1071BA5AE9A009CE21B /* Project object */;
}
